# THIS IS AN AUTOGENERATED FILE. DO NOT EDIT THIS FILE DIRECTLY.
# yarn lockfile v1


"@nodegui/artifact-installer@^1.1.0":
  version "1.1.0"
  resolved "https://registry.npmjs.org/@nodegui/artifact-installer/-/artifact-installer-1.1.0.tgz"
  integrity sha512-x/rIewhjnLhf2b3lAy5ZIPSTS39LRpwMTKeEg6sn4RwvWwyNmreGzpvGi6Gkbl6FUpftn70nfOBOpaeO3hO8PQ==
  dependencies:
    "7zip-min" "^1.1.1"
    env-paths "^2.2.0"
    make-dir "^3.0.0"
    node-fetch "^2.6.0"
    progress "^2.0.3"

"@nodegui/nodegui@^0.67.0":
  version "0.67.0"
  resolved "https://registry.npmjs.org/@nodegui/nodegui/-/nodegui-0.67.0.tgz"
  integrity sha512-igg2d64wcIpcQXx7At1TU8XrlE4FF6+UTDvfQzipwzlcp4VtOfO0KxkgPJJml4mFxDwhZBOamxvF+DtgeVAiVw==
  dependencies:
    "@nodegui/artifact-installer" "^1.1.0"
    "@nodegui/qode" "^18.12.1"
    cmake-js "^6.2.1"
    cross-env "^7.0.3"
    cuid "^2.1.8"
    manage-path "^2.0.0"
    memoize-one "^5.2.1"
    node-addon-api "^4.0.0"
    postcss "^7.0.17"
    postcss-nodegui-autoprefixer "0.0.7"
    tar "^6.0.1"

"@nodegui/qode@^18.12.1":
  version "18.12.1"
  resolved "https://registry.npmjs.org/@nodegui/qode/-/qode-18.12.1.tgz"
  integrity sha512-iJdNwMPif+NkbZeXQPek6IfKmmHt04Iy1dlRGVFaICU5nSpNDsSmzGxHrVdllQWGGzqvre82BOV3CgMxclGZtQ==
  dependencies:
    env-paths "^2.2.1"
    make-dir "^3.1.0"
    node-fetch "^2.6.1"
    progress "^2.0.3"
    tar "^6.1.6"

"@shikijs/core@1.10.1":
  version "1.10.1"
  resolved "https://registry.npmjs.org/@shikijs/core/-/core-1.10.1.tgz"
  integrity sha512-qdiJS5a/QGCff7VUFIqd0hDdWly9rDp8lhVmXVrS11aazX8LOTRLHAXkkEeONNsS43EcCd7gax9LLoOz4vlFQA==

"@types/node@^20.14.9":
  version "20.14.9"
  resolved "https://registry.npmjs.org/@types/node/-/node-20.14.9.tgz"
  integrity sha512-06OCtnTXtWOZBJlRApleWndH4JsRVs1pDCc8dLSQp+7PpUpX3ePdHyeNSFTeSe7FtKyQkrlPvHwJOW3SLd8Oyg==
  dependencies:
    undici-types "~5.26.4"

"@types/prop-types@*":
  version "15.7.4"
  resolved "https://registry.npmjs.org/@types/prop-types/-/prop-types-15.7.4.tgz"
  integrity sha512-rZ5drC/jWjrArrS8BR6SIr4cWpW09RNTYt9AMZo3Jwwif+iacXAqgVjm0B0Bv/S1jhDXKHqRVNCbACkJ89RAnQ==

"@types/react-reconciler@^0.28.8":
  version "0.28.8"
  resolved "https://registry.npmjs.org/@types/react-reconciler/-/react-reconciler-0.28.8.tgz"
  integrity sha512-SN9c4kxXZonFhbX4hJrZy37yw9e7EIxcpHCxQv5JUS18wDE5ovkQKlqQEkufdJCCMfuI9BnjUJvhYeJ9x5Ra7g==
  dependencies:
    "@types/react" "*"

"@types/react@*":
  version "16.14.32"
  resolved "https://registry.npmjs.org/@types/react/-/react-16.14.32.tgz"
  integrity sha512-hvEy4vGVADbtj/U6+CA5SRC5QFIjdxD7JslAie8EuAYZwhYY9bgforpXNyF1VFzhnkEOesDy1278t1wdjN74cw==
  dependencies:
    "@types/prop-types" "*"
    "@types/scheduler" "*"
    csstype "^3.0.2"

"@types/scheduler@*":
  version "0.16.2"
  resolved "https://registry.npmjs.org/@types/scheduler/-/scheduler-0.16.2.tgz"
  integrity sha512-hppQEBDmlwhFAXKJX2KnWLYu5yMfi91yazPb2l+lbJiwW+wdo1gNeRA+3RgNSO39WYX2euey41KEwnqesU2Jew==

"7zip-bin@^5.1.1":
  version "5.1.1"
  resolved "https://registry.npmjs.org/7zip-bin/-/7zip-bin-5.1.1.tgz"
  integrity sha512-sAP4LldeWNz0lNzmTird3uWfFDWWTeg6V/MsmyyLR9X1idwKBWIgt/ZvinqQldJm3LecKEs1emkbquO6PCiLVQ==

"7zip-min@^1.1.1":
  version "1.3.2"
  resolved "https://registry.npmjs.org/7zip-min/-/7zip-min-1.3.2.tgz"
  integrity sha512-6mJ0lJ6N0djfUgt9xBaupr7Se0pidYNM2UIDYk2CJg4S9071TeY0QfSCN11iLMs1qEjLklRiOxBhIdk8futW4A==
  dependencies:
    "7zip-bin" "^5.1.1"

ansi-regex@^2.0.0:
  version "2.1.1"
  resolved "https://registry.npmjs.org/ansi-regex/-/ansi-regex-2.1.1.tgz"
  integrity sha1-w7M6te42DYbg5ijwRorn7yfWVN8=

ansi-styles@^3.2.1:
  version "3.2.1"
  resolved "https://registry.npmjs.org/ansi-styles/-/ansi-styles-3.2.1.tgz"
  integrity sha512-VT0ZI6kZRdTh8YyJw3SMbYm/u+NqfsAxEpWO0Pf9sq8/e94WxxOpPKx9FR1FlyCtOVDNOQ+8ntlqFxiRc+r5qA==
  dependencies:
    color-convert "^1.9.0"

ansi@^0.3.0, ansi@~0.3.0:
  version "0.3.1"
  resolved "https://registry.npmjs.org/ansi/-/ansi-0.3.1.tgz"
  integrity sha1-DELU+xcWDVqa8eSEus4cZpIsGyE=

are-we-there-yet@~1.0.0:
  version "1.0.6"
  resolved "https://registry.npmjs.org/are-we-there-yet/-/are-we-there-yet-1.0.6.tgz"
  integrity sha1-otKMkxAqpsyWJFomy5VN4G7FPww=
  dependencies:
    delegates "^1.0.0"
    readable-stream "^2.0.0 || ^1.1.13"

argparse@^2.0.1:
  version "2.0.1"
  resolved "https://registry.npmjs.org/argparse/-/argparse-2.0.1.tgz"
  integrity sha512-8+9WqebbFzpX9OR+Wa6O29asIogeRMzcGtAINdpMHHyAg10f05aSFVBbcEqGf/PXw1EjAZ+q2/bEBg3DvurK3Q==

axios@^0.21.1:
  version "0.21.1"
  resolved "https://registry.npmjs.org/axios/-/axios-0.21.1.tgz"
  integrity sha512-dKQiRHxGD9PPRIUNIWvZhPTPpl1rf/OxTYKsqKUDjBwYylTvV7SjSHJb9ratfyzM6wCdLCOYLzs73qpg5c4iGA==
  dependencies:
    follow-redirects "^1.10.0"

balanced-match@^1.0.0:
  version "1.0.2"
  resolved "https://registry.npmjs.org/balanced-match/-/balanced-match-1.0.2.tgz"
  integrity sha512-3oSeUO0TMV67hN1AmbXsK4yaqU7tjiHlbxRDZOpH0KW9+CeX4bRAaX0Anxt0tx2MrpRpWwQaPwIlISEJhYU5Pw==

big-integer@^1.6.17:
  version "1.6.48"
  resolved "https://registry.npmjs.org/big-integer/-/big-integer-1.6.48.tgz"
  integrity sha512-j51egjPa7/i+RdiRuJbPdJ2FIUYYPhvYLjzoYbcMMm62ooO6F94fETG4MTs46zPAF9Brs04OajboA/qTGuz78w==

binary@~0.3.0:
  version "0.3.0"
  resolved "https://registry.npmjs.org/binary/-/binary-0.3.0.tgz"
  integrity sha1-n2BVO8XOjDOG87VTz/R0Yq3sqnk=
  dependencies:
    buffers "~0.1.1"
    chainsaw "~0.1.0"

bluebird@~3.4.1:
  version "3.4.7"
  resolved "https://registry.npmjs.org/bluebird/-/bluebird-3.4.7.tgz"
  integrity sha1-9y12C+Cbf3bQjtj66Ysomo0F+rM=

brace-expansion@^1.1.7:
  version "1.1.11"
  resolved "https://registry.npmjs.org/brace-expansion/-/brace-expansion-1.1.11.tgz"
  integrity sha512-iCuPHDFgrHX7H2vEI/5xpz07zSHB00TpugqhmYtVmMO6518mCuRMoOYFldEBl0g187ufozdaHgWKcYFb61qGiA==
  dependencies:
    balanced-match "^1.0.0"
    concat-map "0.0.1"

brace-expansion@^2.0.1:
  version "2.0.1"
  resolved "https://registry.npmjs.org/brace-expansion/-/brace-expansion-2.0.1.tgz"
  integrity sha512-XnAIvQ8eM+kC6aULx6wuQiwVsnzsi9d3WxzV3FpWTGA19F621kwdbsAcFKXgKUHZWsy+mY6iL1sHTxWEFCytDA==
  dependencies:
    balanced-match "^1.0.0"

buffer-indexof-polyfill@~1.0.0:
  version "1.0.2"
  resolved "https://registry.npmjs.org/buffer-indexof-polyfill/-/buffer-indexof-polyfill-1.0.2.tgz"
  integrity sha512-I7wzHwA3t1/lwXQh+A5PbNvJxgfo5r3xulgpYDB5zckTu/Z9oUK9biouBKQUjEqzaz3HnAT6TYoovmE+GqSf7A==

buffer-shims@^1.0.0:
  version "1.0.0"
  resolved "https://registry.npmjs.org/buffer-shims/-/buffer-shims-1.0.0.tgz"
  integrity sha1-mXjOMXOIxkmth5MCjDR37wRKi1E=

buffers@~0.1.1:
  version "0.1.1"
  resolved "https://registry.npmjs.org/buffers/-/buffers-0.1.1.tgz"
  integrity sha1-skV5w77U1tOWru5tmorn9Ugqt7s=

camelcase@^2.0.1:
  version "2.1.1"
  resolved "https://registry.npmjs.org/camelcase/-/camelcase-2.1.1.tgz"
  integrity sha1-fB0W1nmhu+WcoCys7PsBHiAfWh8=

centra@^2.7.0:
  version "2.7.0"
  resolved "https://registry.npmjs.org/centra/-/centra-2.7.0.tgz"
  integrity sha512-PbFMgMSrmgx6uxCdm57RUos9Tc3fclMvhLSATYN39XsDV29B89zZ3KA89jmY0vwSGazyU+uerqwa6t+KaodPcg==
  dependencies:
    follow-redirects "^1.15.6"

chainsaw@~0.1.0:
  version "0.1.0"
  resolved "https://registry.npmjs.org/chainsaw/-/chainsaw-0.1.0.tgz"
  integrity sha1-XqtQsor+WAdNDVgpE4iCi15fvJg=
  dependencies:
    traverse ">=0.3.0 <0.4"

chalk@^2.4.2:
  version "2.4.2"
  resolved "https://registry.npmjs.org/chalk/-/chalk-2.4.2.tgz"
  integrity sha512-Mti+f9lpJNcwF4tWV8/OrTTtF1gZi+f8FqlyAdouralcFWFQWF2+NgCHShjkCb+IFBLq9buZwE1xckQU4peSuQ==
  dependencies:
    ansi-styles "^3.2.1"
    escape-string-regexp "^1.0.5"
    supports-color "^5.3.0"

chownr@^1.1.4:
  version "1.1.4"
  resolved "https://registry.npmjs.org/chownr/-/chownr-1.1.4.tgz"
  integrity sha512-jJ0bqzaylmJtVnNgzTeSOs8DPavpbYgEr/b0YL8/2GO3xJEhInFmhKMUnEJQjZumK7KXGFhUy89PrsJWlakBVg==

chownr@^2.0.0:
  version "2.0.0"
  resolved "https://registry.npmjs.org/chownr/-/chownr-2.0.0.tgz"
  integrity sha512-bIomtDF5KGpdogkLd9VspvFzk9KfpyyGlS8YFVZl7TGPBHL5snIOnxeshwVgPteQ9b4Eydl+pVbIyE1DcvCWgQ==

cliui@^3.0.3:
  version "3.2.0"
  resolved "https://registry.npmjs.org/cliui/-/cliui-3.2.0.tgz"
  integrity sha1-EgYBU3qRbSmUD5NNo7SNWFo5IT0=
  dependencies:
    string-width "^1.0.1"
    strip-ansi "^3.0.1"
    wrap-ansi "^2.0.0"

cmake-js@^6.2.1:
  version "6.2.1"
  resolved "https://registry.npmjs.org/cmake-js/-/cmake-js-6.2.1.tgz"
  integrity sha512-wEpg0Z8SY6ihXTe+xosadh4PbASdWSM/locbLacWRYJCZfAjWLyOrd4RoVIeirLkfPxmG8GdNQA9tW/Rz5SfJA==
  dependencies:
    axios "^0.21.1"
    debug "^4"
    fs-extra "^5.0.0"
    is-iojs "^1.0.1"
    lodash "^4"
    memory-stream "0"
    npmlog "^1.2.0"
    rc "^1.2.7"
    semver "^5.0.3"
    splitargs "0"
    tar "^4"
    unzipper "^0.8.13"
    url-join "0"
    which "^1.0.9"
    yargs "^3.6.0"

code-point-at@^1.0.0:
  version "1.1.0"
  resolved "https://registry.npmjs.org/code-point-at/-/code-point-at-1.1.0.tgz"
  integrity sha1-DQcLTQQ6W+ozovGkDi7bPZpMz3c=

color-convert@^1.9.0:
  version "1.9.3"
  resolved "https://registry.npmjs.org/color-convert/-/color-convert-1.9.3.tgz"
  integrity sha512-QfAUtd+vFdAtFQcC8CCyYt1fYWxSqAiK2cSD6zDB8N3cpsEBAvRxp9zOGg6G/SHHJYAT88/az/IuDGALsNVbGg==
  dependencies:
    color-name "1.1.3"

color-name@1.1.3:
  version "1.1.3"
  resolved "https://registry.npmjs.org/color-name/-/color-name-1.1.3.tgz"
  integrity sha1-p9BVi9icQveV3UIyj3QIMcpTvCU=

concat-map@0.0.1:
  version "0.0.1"
  resolved "https://registry.npmjs.org/concat-map/-/concat-map-0.0.1.tgz"
  integrity sha1-2Klr13/Wjfd5OnMDajug1UBdR3s=

core-util-is@~1.0.0:
  version "1.0.2"
  resolved "https://registry.npmjs.org/core-util-is/-/core-util-is-1.0.2.tgz"
  integrity sha1-tf1UIgqivFq1eqtxQMlAdUUDwac=

cross-env@^7.0.3:
  version "7.0.3"
  resolved "https://registry.npmjs.org/cross-env/-/cross-env-7.0.3.tgz"
  integrity sha512-+/HKd6EgcQCJGh2PSjZuUitQBQynKor4wrFbRg4DtAgS1aWO+gU52xpH7M9ScGgXSYmAVS9bIJ8EzuaGw0oNAw==
  dependencies:
    cross-spawn "^7.0.1"

cross-spawn@^7.0.1:
  version "7.0.3"
  resolved "https://registry.npmjs.org/cross-spawn/-/cross-spawn-7.0.3.tgz"
  integrity sha512-iRDPJKUPVEND7dHPO8rkbOnPpyDygcDFtWjpeWNCgy8WP2rXcxXL8TskReQl6OrB2G7+UJrags1q15Fudc7G6w==
  dependencies:
    path-key "^3.1.0"
    shebang-command "^2.0.0"
    which "^2.0.1"

csstype@^3.0.2:
  version "3.0.8"
  resolved "https://registry.npmjs.org/csstype/-/csstype-3.0.8.tgz"
  integrity sha512-jXKhWqXPmlUeoQnF/EhTtTl4C9SnrxSH/jZUih3jmO6lBKr99rP3/+FmrMj4EFpOXzMtXHAZkd3x0E6h6Fgflw==

cuid@^2.1.8:
  version "2.1.8"
  resolved "https://registry.npmjs.org/cuid/-/cuid-2.1.8.tgz"
  integrity sha512-xiEMER6E7TlTPnDxrM4eRiC6TRgjNX9xzEZ5U/Se2YJKr7Mq4pJn/2XEHjl3STcSh96GmkHPcBXLES8M29wyyg==

debug@^4:
  version "4.3.2"
  resolved "https://registry.npmjs.org/debug/-/debug-4.3.2.tgz"
  integrity sha512-mOp8wKcvj7XxC78zLgw/ZA+6TSgkoE2C/ienthhRD298T7UNwAg9diBpLRxC0mOezLl4B0xV7M0cCO6P/O0Xhw==
  dependencies:
    ms "2.1.2"

decamelize@^1.1.1:
  version "1.2.0"
  resolved "https://registry.npmjs.org/decamelize/-/decamelize-1.2.0.tgz"
  integrity sha1-9lNNFRSCabIDUue+4m9QH5oZEpA=

deep-extend@^0.6.0:
  version "0.6.0"
  resolved "https://registry.npmjs.org/deep-extend/-/deep-extend-0.6.0.tgz"
  integrity sha512-LOHxIOaPYdHlJRtCQfDIVZtfw/ufM8+rVj649RIHzcm/vGwQRXFt6OPqIFWsm2XEMrNIEtWR64sY1LEKD2vAOA==

delegates@^1.0.0:
  version "1.0.0"
  resolved "https://registry.npmjs.org/delegates/-/delegates-1.0.0.tgz"
  integrity sha1-hMbhWbgZBP3KWaDvRM2HDTElD5o=

duplexer2@~0.1.4:
  version "0.1.4"
  resolved "https://registry.npmjs.org/duplexer2/-/duplexer2-0.1.4.tgz"
  integrity sha1-ixLauHjA1p4+eJEFFmKjL8a93ME=
  dependencies:
    readable-stream "^2.0.2"

entities@^4.4.0:
  version "4.5.0"
  resolved "https://registry.npmjs.org/entities/-/entities-4.5.0.tgz"
  integrity sha512-V0hjH4dGPh9Ao5p0MoRY6BVqtwCjhz6vI5LT8AJ55H+4g9/4vbHx1I54fS0XuclLhDHArPQCiMjDxjaL8fPxhw==

env-paths@^2.2.0, env-paths@^2.2.1:
  version "2.2.1"
  resolved "https://registry.npmjs.org/env-paths/-/env-paths-2.2.1.tgz"
  integrity sha512-+h1lkLKhZMTYjog1VEpJNG7NZJWcuc2DDk/qsqSTRRCOXiLjeQ1d1/udrUGhqMxUgAlwKNZ0cf2uqan5GLuS2A==

escape-string-regexp@^1.0.5:
  version "1.0.5"
  resolved "https://registry.npmjs.org/escape-string-regexp/-/escape-string-regexp-1.0.5.tgz"
  integrity sha1-G2HAViGQqN/2rjuyzwIAyhMLhtQ=

follow-redirects@^1.10.0:
  version "1.14.1"
  resolved "https://registry.npmjs.org/follow-redirects/-/follow-redirects-1.14.1.tgz"
  integrity sha512-HWqDgT7ZEkqRzBvc2s64vSZ/hfOceEol3ac/7tKwzuvEyWx3/4UegXh5oBOIotkGsObyk3xznnSRVADBgWSQVg==

follow-redirects@^1.15.6:
  version "1.15.6"
  resolved "https://registry.npmjs.org/follow-redirects/-/follow-redirects-1.15.6.tgz"
  integrity sha512-wWN62YITEaOpSK584EZXJafH1AGpO8RVgElfkuXbTOrPX4fIfOyEpW/CsiNd8JdYrAoOvafRTOEnvsO++qCqFA==

fs-extra@^5.0.0:
  version "5.0.0"
  resolved "https://registry.npmjs.org/fs-extra/-/fs-extra-5.0.0.tgz"
  integrity sha512-66Pm4RYbjzdyeuqudYqhFiNBbCIuI9kgRqLPSHIlXHidW8NIQtVdkM1yeZ4lXwuhbTETv3EUGMNHAAw6hiundQ==
  dependencies:
    graceful-fs "^4.1.2"
    jsonfile "^4.0.0"
    universalify "^0.1.0"

fs-minipass@^1.2.7:
  version "1.2.7"
  resolved "https://registry.npmjs.org/fs-minipass/-/fs-minipass-1.2.7.tgz"
  integrity sha512-GWSSJGFy4e9GUeCcbIkED+bgAoFyj7XF1mV8rma3QW4NIqX9Kyx79N/PF61H5udOV3aY1IaMLs6pGbH71nlCTA==
  dependencies:
    minipass "^2.6.0"

fs-minipass@^2.0.0:
  version "2.1.0"
  resolved "https://registry.npmjs.org/fs-minipass/-/fs-minipass-2.1.0.tgz"
  integrity sha512-V/JgOLFCS+R6Vcq0slCuaeWEdNC3ouDlJMNIsacH2VtALiu9mV4LPrHc5cDl8k5aw6J8jwgWWpiTo5RYhmIzvg==
  dependencies:
    minipass "^3.0.0"

fs.realpath@^1.0.0:
  version "1.0.0"
  resolved "https://registry.npmjs.org/fs.realpath/-/fs.realpath-1.0.0.tgz"
  integrity sha1-FQStJSMVjKpA20onh8sBQRmU6k8=

fstream@~1.0.10:
  version "1.0.12"
  resolved "https://registry.npmjs.org/fstream/-/fstream-1.0.12.tgz"
  integrity sha512-WvJ193OHa0GHPEL+AycEJgxvBEwyfRkN1vhjca23OaPVMCaLCXTd5qAu82AjTcgP1UJmytkOKb63Ypde7raDIg==
  dependencies:
    graceful-fs "^4.1.2"
    inherits "~2.0.0"
    mkdirp ">=0.5 0"
    rimraf "2"

gauge@~1.2.0:
  version "1.2.7"
  resolved "https://registry.npmjs.org/gauge/-/gauge-1.2.7.tgz"
  integrity sha1-6c7FSD09TuDvRLYKfZnkk14TbZM=
  dependencies:
    ansi "^0.3.0"
    has-unicode "^2.0.0"
    lodash.pad "^4.1.0"
    lodash.padend "^4.1.0"
    lodash.padstart "^4.1.0"

glob@^7.1.3:
  version "7.1.7"
  resolved "https://registry.npmjs.org/glob/-/glob-7.1.7.tgz"
  integrity sha512-OvD9ENzPLbegENnYP5UUfJIirTg4+XwMWGaQfQTY0JenxNvvIKP3U3/tAQSPIu/lHxXYSZmpXlUHeqAIdKzBLQ==
  dependencies:
    fs.realpath "^1.0.0"
    inflight "^1.0.4"
    inherits "2"
    minimatch "^3.0.4"
    once "^1.3.0"
    path-is-absolute "^1.0.0"

graceful-fs@^4.1.2, graceful-fs@^4.1.6:
  version "4.2.8"
  resolved "https://registry.npmjs.org/graceful-fs/-/graceful-fs-4.2.8.tgz"
  integrity sha512-qkIilPUYcNhJpd33n0GBXTB1MMPp14TxEsEs0pTrsSVucApsYzW5V+Q8Qxhik6KU3evy+qkAAowTByymK0avdg==

has-flag@^3.0.0:
  version "3.0.0"
  resolved "https://registry.npmjs.org/has-flag/-/has-flag-3.0.0.tgz"
  integrity sha1-tdRU3CGZriJWmfNGfloH87lVuv0=

has-unicode@^2.0.0:
  version "2.0.1"
  resolved "https://registry.npmjs.org/has-unicode/-/has-unicode-2.0.1.tgz"
  integrity sha1-4Ob+aijPUROIVeCG0Wkedx3iqLk=

inflight@^1.0.4:
  version "1.0.6"
  resolved "https://registry.npmjs.org/inflight/-/inflight-1.0.6.tgz"
  integrity sha1-Sb1jMdfQLQwJvJEKEHW6gWW1bfk=
  dependencies:
    once "^1.3.0"
    wrappy "1"

inherits@~2.0.0, inherits@~2.0.1, inherits@~2.0.3, inherits@2:
  version "2.0.4"
  resolved "https://registry.npmjs.org/inherits/-/inherits-2.0.4.tgz"
  integrity sha512-k/vGaX4/Yla3WzyMCvTQOXYeIHvqOKtnqBduzTHpzpQZzAskKMhZ2K+EnBiSM9zGSoIFeMpXKxa4dYeZIQqewQ==

ini@~1.3.0:
  version "1.3.8"
  resolved "https://registry.npmjs.org/ini/-/ini-1.3.8.tgz"
  integrity sha512-JV/yugV2uzW5iMRSiZAyDtQd+nxtUnjeLt0acNdw98kKLrvuRVyB80tsREOE7yvGVgalhZ6RNXCmEHkUKBKxew==

invert-kv@^1.0.0:
  version "1.0.0"
  resolved "https://registry.npmjs.org/invert-kv/-/invert-kv-1.0.0.tgz"
  integrity sha1-EEqOSqym09jNFXqO+L+rLXo//bY=

is-fullwidth-code-point@^1.0.0:
  version "1.0.0"
  resolved "https://registry.npmjs.org/is-fullwidth-code-point/-/is-fullwidth-code-point-1.0.0.tgz"
  integrity sha1-754xOG8DGn8NZDr4L95QxFfvAMs=
  dependencies:
    number-is-nan "^1.0.0"

is-iojs@^1.0.1:
  version "1.1.0"
  resolved "https://registry.npmjs.org/is-iojs/-/is-iojs-1.1.0.tgz"
  integrity sha1-TBEDO11dlNbqs3dd7cm+fQCDJfE=

isarray@~1.0.0:
  version "1.0.0"
  resolved "https://registry.npmjs.org/isarray/-/isarray-1.0.0.tgz"
  integrity sha1-u5NdSFgsuhaMBoNJV6VKPgcSTxE=

isarray@0.0.1:
  version "0.0.1"
  resolved "https://registry.npmjs.org/isarray/-/isarray-0.0.1.tgz"
  integrity sha1-ihis/Kmo9Bd+Cav8YDiTmwXR7t8=

isexe@^2.0.0:
  version "2.0.0"
  resolved "https://registry.npmjs.org/isexe/-/isexe-2.0.0.tgz"
  integrity sha1-6PvzdNxVb/iUehDcsFctYz8s+hA=

"js-tokens@^3.0.0 || ^4.0.0":
  version "4.0.0"
  resolved "https://registry.npmjs.org/js-tokens/-/js-tokens-4.0.0.tgz"
  integrity sha512-RdJUflcE3cUzKiMqQgsCu06FPu9UdIJO0beYbPhHN4k6apgJtifcoCtT9bcxOpYBtpD2kCM6Sbzg4CausW/PKQ==

jsonfile@^4.0.0:
  version "4.0.0"
  resolved "https://registry.npmjs.org/jsonfile/-/jsonfile-4.0.0.tgz"
  integrity sha1-h3Gq4HmbZAdrdmQPygWPnBDjPss=
  optionalDependencies:
    graceful-fs "^4.1.6"

lcid@^1.0.0:
  version "1.0.0"
  resolved "https://registry.npmjs.org/lcid/-/lcid-1.0.0.tgz"
  integrity sha1-MIrMr6C8SDo4Z7S28rlQYlHRuDU=
  dependencies:
    invert-kv "^1.0.0"

linkify-it@^5.0.0:
  version "5.0.0"
  resolved "https://registry.npmjs.org/linkify-it/-/linkify-it-5.0.0.tgz"
  integrity sha512-5aHCbzQRADcdP+ATqnDuhhJ/MRIqDkZX5pyjFHRRysS8vZ5AbqGEoFIb6pYHPZ+L/OC2Lc+xT8uHVVR5CAK/wQ==
  dependencies:
    uc.micro "^2.0.0"

listenercount@~1.0.1:
  version "1.0.1"
  resolved "https://registry.npmjs.org/listenercount/-/listenercount-1.0.1.tgz"
  integrity sha1-hMinKrWcRyUyFIDJdeZQg0LnCTc=

lodash.pad@^4.1.0:
  version "4.5.1"
  resolved "https://registry.npmjs.org/lodash.pad/-/lodash.pad-4.5.1.tgz"
  integrity sha1-QzCUmoM6fI2iLMIPaibE1Z3runA=

lodash.padend@^4.1.0:
  version "4.6.1"
  resolved "https://registry.npmjs.org/lodash.padend/-/lodash.padend-4.6.1.tgz"
  integrity sha1-U8y6BH0G4VjTEfRdpiX05J5vFm4=

lodash.padstart@^4.1.0:
  version "4.6.1"
  resolved "https://registry.npmjs.org/lodash.padstart/-/lodash.padstart-4.6.1.tgz"
  integrity sha1-0uPuv/DZ05rVD1y9G1KnvOa7YRs=

lodash@^4, lodash@^4.6.1:
  version "4.17.21"
  resolved "https://registry.npmjs.org/lodash/-/lodash-4.17.21.tgz"
  integrity sha512-v2kDEe57lecTulaDIuNTPy3Ry4gLGJ6Z1O3vE1krgXZNrsQ+LFTGHVxVjcXPs17LhbZVGedAJv8XZ1tvj5FvSg==

loose-envify@^1.1.0:
  version "1.4.0"
  resolved "https://registry.npmjs.org/loose-envify/-/loose-envify-1.4.0.tgz"
  integrity sha512-lyuxPGr/Wfhrlem2CL/UcnUc1zcqKAImBDzukY7Y5F/yQiNdko6+fRLevlw1HgMySw7f611UIY408EtxRSoK3Q==
  dependencies:
    js-tokens "^3.0.0 || ^4.0.0"

lunr@^2.3.9:
  version "2.3.9"
  resolved "https://registry.npmjs.org/lunr/-/lunr-2.3.9.tgz"
  integrity sha512-zTU3DaZaF3Rt9rhN3uBMGQD3dD2/vFQqnvZCDv4dl5iOzq2IZQqTxu90r4E5J+nP70J3ilqVCrbho2eWaeW8Ow==

make-dir@^3.0.0, make-dir@^3.1.0:
  version "3.1.0"
  resolved "https://registry.npmjs.org/make-dir/-/make-dir-3.1.0.tgz"
  integrity sha512-g3FeP20LNwhALb/6Cz6Dd4F2ngze0jz7tbzrD2wAV+o9FeNHe4rL+yK2md0J/fiSf1sa1ADhXqi5+oVwOM/eGw==
  dependencies:
    semver "^6.0.0"

manage-path@^2.0.0:
  version "2.0.0"
  resolved "https://registry.npmjs.org/manage-path/-/manage-path-2.0.0.tgz"
  integrity sha1-9M+EV7km7u4qg7FzUBQUvHbrlZc=

markdown-it@^14.1.0:
  version "14.1.0"
  resolved "https://registry.npmjs.org/markdown-it/-/markdown-it-14.1.0.tgz"
  integrity sha512-a54IwgWPaeBCAAsv13YgmALOF1elABB08FxO9i+r4VFk5Vl4pKokRPeX8u5TCgSsPi6ec1otfLjdOpVcgbpshg==
  dependencies:
    argparse "^2.0.1"
    entities "^4.4.0"
    linkify-it "^5.0.0"
    mdurl "^2.0.0"
    punycode.js "^2.3.1"
    uc.micro "^2.1.0"

mdurl@^2.0.0:
  version "2.0.0"
  resolved "https://registry.npmjs.org/mdurl/-/mdurl-2.0.0.tgz"
  integrity sha512-Lf+9+2r+Tdp5wXDXC4PcIBjTDtq4UKjCPMQhKIuzpJNW0b96kVqSwW0bT7FhRSfmAiFYgP+SCRvdrDozfh0U5w==

memoize-one@^5.2.1:
  version "5.2.1"
  resolved "https://registry.npmjs.org/memoize-one/-/memoize-one-5.2.1.tgz"
  integrity sha512-zYiwtZUcYyXKo/np96AGZAckk+FWWsUdJ3cHGGmld7+AhvcWmQyGCYUh1hc4Q/pkOhb65dQR/pqCyK0cOaHz4Q==

memory-stream@0:
  version "0.0.3"
  resolved "https://registry.npmjs.org/memory-stream/-/memory-stream-0.0.3.tgz"
  integrity sha1-6+jdHDuLw4wOeUHp3dWuvmtN6D8=
  dependencies:
    readable-stream "~1.0.26-2"

minimatch@^3.0.4:
  version "3.0.4"
  resolved "https://registry.npmjs.org/minimatch/-/minimatch-3.0.4.tgz"
  integrity sha512-yJHVQEhyqPLUTgt9B83PXu6W3rx4MvvHvSUvToogpwoGDOUQ+yDrR0HRot+yOCdCO7u4hX3pWft6kWBBcqh0UA==
  dependencies:
    brace-expansion "^1.1.7"

minimatch@^9.0.5:
  version "9.0.5"
  resolved "https://registry.npmjs.org/minimatch/-/minimatch-9.0.5.tgz"
  integrity sha512-G6T0ZX48xgozx7587koeX9Ys2NYy6Gmv//P89sEte9V9whIapMNF4idKxnW2QtCcLiTWlb/wfCabAtAFWhhBow==
  dependencies:
    brace-expansion "^2.0.1"

minimist@^1.2.0, minimist@^1.2.5:
  version "1.2.5"
  resolved "https://registry.npmjs.org/minimist/-/minimist-1.2.5.tgz"
  integrity sha512-FM9nNUYrRBAELZQT3xeZQ7fmMOBg6nWNmJKTcgsJeaLstP/UODVpGsr5OhXhhXg6f+qtJ8uiZ+PUxkDWcgIXLw==

minipass@^2.6.0, minipass@^2.9.0:
  version "2.9.0"
  resolved "https://registry.npmjs.org/minipass/-/minipass-2.9.0.tgz"
  integrity sha512-wxfUjg9WebH+CUDX/CdbRlh5SmfZiy/hpkxaRI16Y9W56Pa75sWgd/rvFilSgrauD9NyFymP/+JFV3KwzIsJeg==
  dependencies:
    safe-buffer "^5.1.2"
    yallist "^3.0.0"

minipass@^3.0.0:
  version "3.1.3"
  resolved "https://registry.npmjs.org/minipass/-/minipass-3.1.3.tgz"
  integrity sha512-Mgd2GdMVzY+x3IJ+oHnVM+KG3lA5c8tnabyJKmHSaG2kAGpudxuOf8ToDkhumF7UzME7DecbQE9uOZhNm7PuJg==
  dependencies:
    yallist "^4.0.0"

minizlib@^1.3.3:
  version "1.3.3"
  resolved "https://registry.npmjs.org/minizlib/-/minizlib-1.3.3.tgz"
  integrity sha512-6ZYMOEnmVsdCeTJVE0W9ZD+pVnE8h9Hma/iOwwRDsdQoePpoX56/8B6z3P9VNwppJuBKNRuFDRNRqRWexT9G9Q==
  dependencies:
    minipass "^2.9.0"

minizlib@^2.1.1:
  version "2.1.2"
  resolved "https://registry.npmjs.org/minizlib/-/minizlib-2.1.2.tgz"
  integrity sha512-bAxsR8BVfj60DWXHE3u30oHzfl4G7khkSuPW+qvpd7jFRHm7dLxOjUk1EHACJ/hxLY8phGJ0YhYHZo7jil7Qdg==
  dependencies:
    minipass "^3.0.0"
    yallist "^4.0.0"

mkdirp@^0.5.5, "mkdirp@>=0.5 0":
  version "0.5.5"
  resolved "https://registry.npmjs.org/mkdirp/-/mkdirp-0.5.5.tgz"
  integrity sha512-NKmAlESf6jMGym1++R0Ra7wvhV+wFW63FaSOFPwRahvea0gMUcGUhVeAg/0BC0wiv9ih5NYPB1Wn1UEI1/L+xQ==
  dependencies:
    minimist "^1.2.5"

mkdirp@^1.0.3:
  version "1.0.4"
  resolved "https://registry.npmjs.org/mkdirp/-/mkdirp-1.0.4.tgz"
  integrity sha512-vVqVZQyf3WLx2Shd0qJ9xuvqgAyKPLAiqITEtqW0oIUjzo3PePDd6fW9iFz30ef7Ysp/oiWqbhszeGWW2T6Gzw==

ms@2.1.2:
  version "2.1.2"
  resolved "https://registry.npmjs.org/ms/-/ms-2.1.2.tgz"
  integrity sha512-sGkPx+VjMtmA6MX27oA4FBFELFCZZ4S4XqeGOXCv68tT+jb3vk/RyaKWP0PTKyWtmLSM0b+adUTEvbs1PEaH2w==

node-addon-api@^4.0.0:
  version "4.0.0"
  resolved "https://registry.npmjs.org/node-addon-api/-/node-addon-api-4.0.0.tgz"
  integrity sha512-ALmRVBFzfwldBfk3SbKfl6+PVMXiCPKZBEfsJqB/EjXAMAI+MfFrEHR+GMRBuI162DihZ1QjEZ8ieYKuRCJ8Hg==

node-fetch@^2.6.0, node-fetch@^2.6.1:
  version "2.6.1"
  resolved "https://registry.npmjs.org/node-fetch/-/node-fetch-2.6.1.tgz"
  integrity sha512-V4aYg89jEoVRxRb2fJdAg8FHvI7cEyYdVAh94HH0UIK8oJxUfkjlDQN9RbMx+bEjP7+ggMiFRprSti032Oipxw==

npmlog@^1.2.0:
  version "1.2.1"
  resolved "https://registry.npmjs.org/npmlog/-/npmlog-1.2.1.tgz"
  integrity sha1-KOe+YZYJtT960d0wChDWTXFiaLY=
  dependencies:
    ansi "~0.3.0"
    are-we-there-yet "~1.0.0"
    gauge "~1.2.0"

number-is-nan@^1.0.0:
  version "1.0.1"
  resolved "https://registry.npmjs.org/number-is-nan/-/number-is-nan-1.0.1.tgz"
  integrity sha1-CXtgK1NCKlIsGvuHkDGDNpQaAR0=

once@^1.3.0:
  version "1.4.0"
  resolved "https://registry.npmjs.org/once/-/once-1.4.0.tgz"
  integrity sha1-WDsap3WWHUsROsF9nFC6753Xa9E=
  dependencies:
    wrappy "1"

os-locale@^1.4.0:
  version "1.4.0"
  resolved "https://registry.npmjs.org/os-locale/-/os-locale-1.4.0.tgz"
  integrity sha1-IPnxeuKe00XoveWDsT0gCYA8FNk=
  dependencies:
    lcid "^1.0.0"

path-is-absolute@^1.0.0:
  version "1.0.1"
  resolved "https://registry.npmjs.org/path-is-absolute/-/path-is-absolute-1.0.1.tgz"
  integrity sha1-F0uSaHNVNP+8es5r9TpanhtcX18=

path-key@^3.1.0:
  version "3.1.1"
  resolved "https://registry.npmjs.org/path-key/-/path-key-3.1.1.tgz"
  integrity sha512-ojmeN0qd+y0jszEtoY48r0Peq5dwMEkIlCOu6Q5f41lfkswXuKtYrhgoTpLnyIcHm24Uhqx+5Tqm2InSwLhE6Q==

phin@3.7.1:
  version "3.7.1"
  resolved "https://registry.npmjs.org/phin/-/phin-3.7.1.tgz"
  integrity sha512-GEazpTWwTZaEQ9RhL7Nyz0WwqilbqgLahDM3D0hxWwmVDI52nXEybHqiN6/elwpkJBhcuj+WbBu+QfT0uhPGfQ==
  dependencies:
    centra "^2.7.0"

postcss-nodegui-autoprefixer@0.0.7:
  version "0.0.7"
  resolved "https://registry.npmjs.org/postcss-nodegui-autoprefixer/-/postcss-nodegui-autoprefixer-0.0.7.tgz"
  integrity sha512-cPNAIz9siY+ssc3ecdPaeflfdc2HRS6tgQGu59YKLiiaZT3iMw578l1LTFfmEnJtv1RvNEQUNn/YjHyySXla2Q==
  dependencies:
    postcss "^7.0.17"

postcss@^7.0.17:
  version "7.0.36"
  resolved "https://registry.npmjs.org/postcss/-/postcss-7.0.36.tgz"
  integrity sha512-BebJSIUMwJHRH0HAQoxN4u1CN86glsrwsW0q7T+/m44eXOUAxSNdHRkNZPYz5vVUbg17hFgOQDE7fZk7li3pZw==
  dependencies:
    chalk "^2.4.2"
    source-map "^0.6.1"
    supports-color "^6.1.0"

prettier@^3.3.2:
  version "3.3.2"
  resolved "https://registry.npmjs.org/prettier/-/prettier-3.3.2.tgz"
  integrity sha512-rAVeHYMcv8ATV5d508CFdn+8/pHPpXeIid1DdrPwXnaAdH7cqjVbpJaT5eq4yRAFU/lsbwYwSF/n5iNrdJHPQA==

process-nextick-args@~1.0.6:
  version "1.0.7"
  resolved "https://registry.npmjs.org/process-nextick-args/-/process-nextick-args-1.0.7.tgz"
  integrity sha1-FQ4gt1ZZCtP5EJPyWk8q2L/zC6M=

process-nextick-args@~2.0.0:
  version "2.0.1"
  resolved "https://registry.npmjs.org/process-nextick-args/-/process-nextick-args-2.0.1.tgz"
  integrity sha512-3ouUOpQhtgrbOa17J7+uxOTpITYWaGP7/AhoR3+A+/1e9skrzelGi/dXzEYyvbxubEF6Wn2ypscTKiKJFFn1ag==

progress@^2.0.3:
  version "2.0.3"
  resolved "https://registry.npmjs.org/progress/-/progress-2.0.3.tgz"
  integrity sha512-7PiHtLll5LdnKIMw100I+8xJXR5gW2QwWYkT6iJva0bXitZKa/XMrSbdmg3r2Xnaidz9Qumd0VPaMrZlF9V9sA==

punycode.js@^2.3.1:
  version "2.3.1"
  resolved "https://registry.npmjs.org/punycode.js/-/punycode.js-2.3.1.tgz"
  integrity sha512-uxFIHU0YlHYhDQtV4R9J6a52SLx28BCjT+4ieh7IGbgwVJWO+km431c4yRlREUAsAmt/uMjQUyQHNEPf0M39CA==

rc@^1.2.7:
  version "1.2.8"
  resolved "https://registry.npmjs.org/rc/-/rc-1.2.8.tgz"
  integrity sha512-y3bGgqKj3QBdxLbLkomlohkvsA8gdAiUQlSBJnBhfn+BPxg4bc62d8TcBW15wavDfgexCgccckhcZvywyQYPOw==
  dependencies:
    deep-extend "^0.6.0"
    ini "~1.3.0"
    minimist "^1.2.0"
    strip-json-comments "~2.0.1"

react-deep-force-update@^2.1.3:
  version "2.1.3"
  resolved "https://registry.npmjs.org/react-deep-force-update/-/react-deep-force-update-2.1.3.tgz"
  integrity sha512-lqD4eHKVuB65RyO/hGbEST53E2/GPbcIPcFYyeW/p4vNngtH4G7jnKGlU6u1OqrFo0uNfIvwuBOg98IbLHlNEA==

react-proxy@^2.0.8:
  version "2.0.8"
  resolved "https://registry.npmjs.org/react-proxy/-/react-proxy-2.0.8.tgz"
  integrity sha1-dq54yb5OVNQJz+x7t9UT7H8bKEw=
  dependencies:
    lodash "^4.6.1"

react-reconciler@^0.29.2:
  version "0.29.2"
  resolved "https://registry.npmjs.org/react-reconciler/-/react-reconciler-0.29.2.tgz"
  integrity sha512-zZQqIiYgDCTP/f1N/mAR10nJGrPD2ZR+jDSEsKWJHYC7Cm2wodlwbR3upZRdC3cjIjSlTLNVyO7Iu0Yy7t2AYg==
  dependencies:
    loose-envify "^1.1.0"
    scheduler "^0.23.2"

react@^18.3.1:
  version "18.3.1"
  resolved "https://registry.npmjs.org/react/-/react-18.3.1.tgz"
  integrity sha512-wS+hAgJShR0KhEvPJArfuPVN1+Hz1t0Y6n5jLrGQbkb4urgPE/0Rve+1kMB1v/oWgHgm4WIcV+i7F2pTVj+2iQ==
  dependencies:
    loose-envify "^1.1.0"

"readable-stream@^2.0.0 || ^1.1.13", readable-stream@^2.0.2:
  version "2.3.7"
  resolved "https://registry.npmjs.org/readable-stream/-/readable-stream-2.3.7.tgz"
  integrity sha512-Ebho8K4jIbHAxnuxi7o42OrZgF/ZTNcsZj6nRKyUmkhLFq8CHItp/fy6hQZuZmP/n3yZ9VBUbp4zz/mX8hmYPw==
  dependencies:
    core-util-is "~1.0.0"
    inherits "~2.0.3"
    isarray "~1.0.0"
    process-nextick-args "~2.0.0"
    safe-buffer "~5.1.1"
    string_decoder "~1.1.1"
    util-deprecate "~1.0.1"

readable-stream@~1.0.26-2:
  version "1.0.34"
  resolved "https://registry.npmjs.org/readable-stream/-/readable-stream-1.0.34.tgz"
  integrity sha1-Elgg40vIQtLyqq+v5MKRbuMsFXw=
  dependencies:
    core-util-is "~1.0.0"
    inherits "~2.0.1"
    isarray "0.0.1"
    string_decoder "~0.10.x"

readable-stream@~2.1.5:
  version "2.1.5"
  resolved "https://registry.npmjs.org/readable-stream/-/readable-stream-2.1.5.tgz"
  integrity sha1-ZvqLcg4UOLNkaB8q0aY8YYRIydA=
  dependencies:
    buffer-shims "^1.0.0"
    core-util-is "~1.0.0"
    inherits "~2.0.1"
    isarray "~1.0.0"
    process-nextick-args "~1.0.6"
    string_decoder "~0.10.x"
    util-deprecate "~1.0.1"

rimraf@2:
  version "2.7.1"
  resolved "https://registry.npmjs.org/rimraf/-/rimraf-2.7.1.tgz"
  integrity sha512-uWjbaKIK3T1OSVptzX7Nl6PvQ3qAGtKEtVRjRuazjfL3Bx5eI409VZSqgND+4UNnmzLVdPj9FqFJNPqBZFve4w==
  dependencies:
    glob "^7.1.3"

safe-buffer@^5.1.2, safe-buffer@^5.2.1:
  version "5.2.1"
  resolved "https://registry.npmjs.org/safe-buffer/-/safe-buffer-5.2.1.tgz"
  integrity sha512-rp3So07KcdmmKbGvgaNxQSJr7bGVSVk5S9Eq1F+ppbRo70+YeaDxkw5Dd8NPN+GD6bjnYm2VuPuCXmpuYvmCXQ==

safe-buffer@~5.1.0, safe-buffer@~5.1.1:
  version "5.1.2"
  resolved "https://registry.npmjs.org/safe-buffer/-/safe-buffer-5.1.2.tgz"
  integrity sha512-Gd2UZBJDkXlY7GbJxfsE8/nvKkUEU1G38c1siN6QP6a9PT9MmHB8GnpscSmMJSoF8LOIrt8ud/wPtojys4G6+g==

scheduler@^0.23.2:
  version "0.23.2"
  resolved "https://registry.npmjs.org/scheduler/-/scheduler-0.23.2.tgz"
  integrity sha512-UOShsPwz7NrMUqhR6t0hWjFduvOzbtv7toDH1/hIrfRNIDBnnBWd0CwJTGvTpngVlmwGCdP9/Zl/tVrDqcuYzQ==
  dependencies:
    loose-envify "^1.1.0"

semver@^5.0.3:
  version "5.7.1"
  resolved "https://registry.npmjs.org/semver/-/semver-5.7.1.tgz"
  integrity sha512-sauaDf/PZdVgrLTNYHRtpXa1iRiKcaebiKQ1BJdpQlWH2lCvexQdX55snPFyK7QzpudqbCI0qXFfOasHdyNDGQ==

semver@^6.0.0:
  version "6.3.0"
  resolved "https://registry.npmjs.org/semver/-/semver-6.3.0.tgz"
  integrity sha512-b39TBaTSfV6yBrapU89p5fKekE2m/NwnDocOVruQFS1/veMgdzuPcnOM34M6CwxW8jH/lxEa5rBoDeUwu5HHTw==

setimmediate@~1.0.4:
  version "1.0.5"
  resolved "https://registry.npmjs.org/setimmediate/-/setimmediate-1.0.5.tgz"
  integrity sha1-KQy7Iy4waULX1+qbg3Mqt4VvgoU=

shebang-command@^2.0.0:
  version "2.0.0"
  resolved "https://registry.npmjs.org/shebang-command/-/shebang-command-2.0.0.tgz"
  integrity sha512-kHxr2zZpYtdmrN1qDjrrX/Z1rR1kG8Dx+gkpK1G4eXmvXswmcE1hTWBWYUzlraYw1/yZp6YuDY77YtvbN0dmDA==
  dependencies:
    shebang-regex "^3.0.0"

shebang-regex@^3.0.0:
  version "3.0.0"
  resolved "https://registry.npmjs.org/shebang-regex/-/shebang-regex-3.0.0.tgz"
  integrity sha512-7++dFhtcx3353uBaq8DDR4NuxBetBzC7ZQOhmTQInHEd6bSrXdiEyzCvG07Z44UYdLShWUyXt5M/yhz8ekcb1A==

shiki@^1.9.1:
  version "1.10.1"
  resolved "https://registry.npmjs.org/shiki/-/shiki-1.10.1.tgz"
  integrity sha512-uafV7WCgN4YYrccH6yxpnps6k38sSTlFRrwc4jycWmhWxJIm9dPrk+XkY1hZ2t0I7jmacMNb15Lf2fspa/Y3lg==
  dependencies:
    "@shikijs/core" "1.10.1"

source-map@^0.6.1:
  version "0.6.1"
  resolved "https://registry.npmjs.org/source-map/-/source-map-0.6.1.tgz"
  integrity sha512-UjgapumWlbMhkBgzT7Ykc5YXUT46F0iKu8SGXq0bcwP5dz/h0Plj6enJqjz1Zbq2l5WaqYnrVbwWOWMyF3F47g==

splitargs@0:
  version "0.0.7"
  resolved "https://registry.npmjs.org/splitargs/-/splitargs-0.0.7.tgz"
  integrity sha1-/p965lc3GzOxDLgNoUPPgknPazs=

string_decoder@~0.10.x:
  version "0.10.31"
  resolved "https://registry.npmjs.org/string_decoder/-/string_decoder-0.10.31.tgz"
  integrity sha1-YuIDvEF2bGwoyfyEMB2rHFMQ+pQ=

string_decoder@~1.1.1:
  version "1.1.1"
  resolved "https://registry.npmjs.org/string_decoder/-/string_decoder-1.1.1.tgz"
  integrity sha512-n/ShnvDi6FHbbVfviro+WojiFzv+s8MPMHBczVePfUpDJLwoLT0ht1l4YwBCbi8pJAveEEdnkHyPyTP/mzRfwg==
  dependencies:
    safe-buffer "~5.1.0"

string-width@^1.0.1:
  version "1.0.2"
  resolved "https://registry.npmjs.org/string-width/-/string-width-1.0.2.tgz"
  integrity sha1-EYvfW4zcUaKn5w0hHgfisLmxB9M=
  dependencies:
    code-point-at "^1.0.0"
    is-fullwidth-code-point "^1.0.0"
    strip-ansi "^3.0.0"

strip-ansi@^3.0.0, strip-ansi@^3.0.1:
  version "3.0.1"
  resolved "https://registry.npmjs.org/strip-ansi/-/strip-ansi-3.0.1.tgz"
  integrity sha1-ajhfuIU9lS1f8F0Oiq+UJ43GPc8=
  dependencies:
    ansi-regex "^2.0.0"

strip-json-comments@~2.0.1:
  version "2.0.1"
  resolved "https://registry.npmjs.org/strip-json-comments/-/strip-json-comments-2.0.1.tgz"
  integrity sha1-PFMZQukIwml8DsNEhYwobHygpgo=

supports-color@^5.3.0:
  version "5.5.0"
  resolved "https://registry.npmjs.org/supports-color/-/supports-color-5.5.0.tgz"
  integrity sha512-QjVjwdXIt408MIiAqCX4oUKsgU2EqAGzs2Ppkm4aQYbjm+ZEWEcW4SfFNTr4uMNZma0ey4f5lgLrkB0aX0QMow==
  dependencies:
    has-flag "^3.0.0"

supports-color@^6.1.0:
  version "6.1.0"
  resolved "https://registry.npmjs.org/supports-color/-/supports-color-6.1.0.tgz"
  integrity sha512-qe1jfm1Mg7Nq/NSh6XE24gPXROEVsWHxC1LIx//XNlD9iw7YZQGjZNjYN7xGaEG6iKdA8EtNFW6R0gjnVXp+wQ==
  dependencies:
    has-flag "^3.0.0"

tar@^4:
  version "4.4.17"
  resolved "https://registry.npmjs.org/tar/-/tar-4.4.17.tgz"
  integrity sha512-q7OwXq6NTdcYIa+k58nEMV3j1euhDhGCs/VRw9ymx/PbH0jtIM2+VTgDE/BW3rbLkrBUXs5fzEKgic5oUciu7g==
  dependencies:
    chownr "^1.1.4"
    fs-minipass "^1.2.7"
    minipass "^2.9.0"
    minizlib "^1.3.3"
    mkdirp "^0.5.5"
    safe-buffer "^5.2.1"
    yallist "^3.1.1"

tar@^6.0.1:
  version "6.1.11"
  resolved "https://registry.npmjs.org/tar/-/tar-6.1.11.tgz"
  integrity sha512-an/KZQzQUkZCkuoAA64hM92X0Urb6VpRhAFllDzz44U2mcD5scmT3zBc4VgVpkugF580+DQn8eAFSyoQt0tznA==
  dependencies:
    chownr "^2.0.0"
    fs-minipass "^2.0.0"
    minipass "^3.0.0"
    minizlib "^2.1.1"
    mkdirp "^1.0.3"
    yallist "^4.0.0"

tar@^6.1.6:
  version "6.1.8"
  resolved "https://registry.npmjs.org/tar/-/tar-6.1.8.tgz"
  integrity sha512-sb9b0cp855NbkMJcskdSYA7b11Q8JsX4qe4pyUAfHp+Y6jBjJeek2ZVlwEfWayshEIwlIzXx0Fain3QG9JPm2A==
  dependencies:
    chownr "^2.0.0"
    fs-minipass "^2.0.0"
    minipass "^3.0.0"
    minizlib "^2.1.1"
    mkdirp "^1.0.3"
    yallist "^4.0.0"

"traverse@>=0.3.0 <0.4":
  version "0.3.9"
  resolved "https://registry.npmjs.org/traverse/-/traverse-0.3.9.tgz"
  integrity sha1-cXuPIgzAu3tE5AUUwisui7xw2Lk=

typedoc-plugin-markdown@^4.1.1:
  version "4.1.1"
  resolved "https://registry.npmjs.org/typedoc-plugin-markdown/-/typedoc-plugin-markdown-4.1.1.tgz"
  integrity sha512-ZQv8FXn1TBZAvhWMgOL8hE472rwv1dzSr/KIIUGPmdNXybeS6jmK7d1OwKhorLuGbPDQGl6U97BwfkFTcydAkw==

typedoc@^0.26.3, typedoc@0.26.x:
  version "0.26.3"
  resolved "https://registry.npmjs.org/typedoc/-/typedoc-0.26.3.tgz"
  integrity sha512-6d2Sw9disvvpdk4K7VNjKr5/3hzijtfQVHRthhDqJgnhMHy1wQz4yPMJVKXElvnZhFr0nkzo+GzjXDTRV5yLpg==
  dependencies:
    lunr "^2.3.9"
    markdown-it "^14.1.0"
    minimatch "^9.0.5"
    shiki "^1.9.1"
    yaml "^2.4.5"

typescript@^5.5.3, "typescript@4.6.x || 4.7.x || 4.8.x || 4.9.x || 5.0.x || 5.1.x || 5.2.x || 5.3.x || 5.4.x || 5.5.x":
  version "5.5.3"
  resolved "https://registry.npmjs.org/typescript/-/typescript-5.5.3.tgz"
  integrity sha512-/hreyEujaB0w76zKo6717l3L0o/qEUtRgdvUBvlkhoWeOVMjMuHNHk0BRBzikzuGDqNmPQbg5ifMEqsHLiIUcQ==

uc.micro@^2.0.0, uc.micro@^2.1.0:
  version "2.1.0"
  resolved "https://registry.npmjs.org/uc.micro/-/uc.micro-2.1.0.tgz"
  integrity sha512-ARDJmphmdvUk6Glw7y9DQ2bFkKBHwQHLi2lsaH6PPmz/Ka9sFOBsBluozhDltWmnv9u/cF6Rt87znRTPV+yp/A==

undici-types@~5.26.4:
  version "5.26.5"
  resolved "https://registry.npmjs.org/undici-types/-/undici-types-5.26.5.tgz"
  integrity sha512-JlCMO+ehdEIKqlFxk6IfVoAUVmgz7cU7zD/h9XZ0qzeosSHmUJVOzSQvvYSYWXkFXC+IfLKSIffhv0sVZup6pA==

universalify@^0.1.0:
  version "0.1.2"
  resolved "https://registry.npmjs.org/universalify/-/universalify-0.1.2.tgz"
  integrity sha512-rBJeI5CXAlmy1pV+617WB9J63U6XcazHHF2f2dbJix4XzpUF0RS3Zbj0FGIOCAva5P/d/GBOYaACQ1w+0azUkg==

unzipper@^0.8.13:
  version "0.8.14"
  resolved "https://registry.npmjs.org/unzipper/-/unzipper-0.8.14.tgz"
  integrity sha512-8rFtE7EP5ssOwGpN2dt1Q4njl0N1hUXJ7sSPz0leU2hRdq6+pra57z4YPBlVqm40vcgv6ooKZEAx48fMTv9x4w==
  dependencies:
    big-integer "^1.6.17"
    binary "~0.3.0"
    bluebird "~3.4.1"
    buffer-indexof-polyfill "~1.0.0"
    duplexer2 "~0.1.4"
    fstream "~1.0.10"
    listenercount "~1.0.1"
    readable-stream "~2.1.5"
    setimmediate "~1.0.4"

url-join@0:
  version "0.0.1"
  resolved "https://registry.npmjs.org/url-join/-/url-join-0.0.1.tgz"
  integrity sha1-HbSK1CLTQCRpqH99l73r/k+x48g=

util-deprecate@~1.0.1:
  version "1.0.2"
  resolved "https://registry.npmjs.org/util-deprecate/-/util-deprecate-1.0.2.tgz"
  integrity sha1-RQ1Nyfpw3nMnYvvS1KKJgUGaDM8=

which@^1.0.9:
  version "1.3.1"
  resolved "https://registry.npmjs.org/which/-/which-1.3.1.tgz"
  integrity sha512-HxJdYWq1MTIQbJ3nw0cqssHoTNU267KlrDuGZ1WYlxDStUtKUhOaJmh112/TZmHxxUfuJqPXSOm7tDyas0OSIQ==
  dependencies:
    isexe "^2.0.0"

which@^2.0.1:
  version "2.0.2"
  resolved "https://registry.npmjs.org/which/-/which-2.0.2.tgz"
  integrity sha512-BLI3Tl1TW3Pvl70l3yq3Y64i+awpwXqsGBYWkkqMtnbXgrMD+yj7rhW0kuEDxzJaYXGjEW5ogapKNMEKNMjibA==
  dependencies:
    isexe "^2.0.0"

window-size@^0.1.4:
  version "0.1.4"
  resolved "https://registry.npmjs.org/window-size/-/window-size-0.1.4.tgz"
  integrity sha1-+OGqHuWlPsW/FR/6CXQqatdpeHY=

wrap-ansi@^2.0.0:
  version "2.1.0"
  resolved "https://registry.npmjs.org/wrap-ansi/-/wrap-ansi-2.1.0.tgz"
  integrity sha1-2Pw9KE3QV5T+hJc8rs3Rz4JP3YU=
  dependencies:
    string-width "^1.0.1"
    strip-ansi "^3.0.1"

wrappy@1:
  version "1.0.2"
  resolved "https://registry.npmjs.org/wrappy/-/wrappy-1.0.2.tgz"
  integrity sha1-tSQ9jz7BqjXxNkYFvA0QNuMKtp8=

y18n@^3.2.0:
  version "3.2.2"
  resolved "https://registry.npmjs.org/y18n/-/y18n-3.2.2.tgz"
  integrity sha512-uGZHXkHnhF0XeeAPgnKfPv1bgKAYyVvmNL1xlKsPYZPaIHxGti2hHqvOCQv71XMsLxu1QjergkqogUnms5D3YQ==

yallist@^3.0.0, yallist@^3.1.1:
  version "3.1.1"
  resolved "https://registry.npmjs.org/yallist/-/yallist-3.1.1.tgz"
  integrity sha512-a4UGQaWPH59mOXUYnAG2ewncQS4i4F43Tv3JoAM+s2VDAmS9NsK8GpDMLrCHPksFT7h3K6TOoUNn2pb7RoXx4g==

yallist@^4.0.0:
  version "4.0.0"
  resolved "https://registry.npmjs.org/yallist/-/yallist-4.0.0.tgz"
  integrity sha512-3wdGidZyq5PB084XLES5TpOSRA3wjXAlIWMhum2kRcv/41Sn2emQ0dycQW4uZXLejwKvg6EsvbdlVL+FYEct7A==

yaml@^2.4.5:
  version "2.4.5"
  resolved "https://registry.npmjs.org/yaml/-/yaml-2.4.5.tgz"
  integrity sha512-aBx2bnqDzVOyNKfsysjA2ms5ZlnjSAW2eG3/L5G/CSujfjLJTJsEw1bGw8kCf04KodQWk1pxlGnZ56CRxiawmg==

yargs@^3.6.0:
  version "3.32.0"
  resolved "https://registry.npmjs.org/yargs/-/yargs-3.32.0.tgz"
  integrity sha1-AwiOnr+edWtpdRYR0qXvWRSCyZU=
  dependencies:
    camelcase "^2.0.1"
    cliui "^3.0.3"
    decamelize "^1.1.1"
    os-locale "^1.4.0"
    string-width "^1.0.1"
    window-size "^0.1.4"
    y18n "^3.2.0"
